
Microsoft Visual Studio Solution File, Format Version 12.00
# Visual Studio Version 17
VisualStudioVersion = 17.9.34728.123
MinimumVisualStudioVersion = 10.0.40219.1
Project("{2150E333-8FDC-42A3-9474-1A3956D46DE8}") = "0- Solution Items", "0- Solution Items", "{9D5FF220-CFB5-454B-A97F-8616AC83D2EF}"
	ProjectSection(SolutionItems) = preProject
		.dockerignore = .dockerignore
		.gitignore = .gitignore
		compose-infra.yml = compose-infra.yml
		Directory.Build.props = Directory.Build.props
		README.md = README.md
	EndProjectSection
EndProject
Project("{2150E333-8FDC-42A3-9474-1A3956D46DE8}") = "1- UrlShortener", "1- UrlShortener", "{7EBD9A16-6471-4DDD-8CC0-E594EE42345B}"
EndProject
Project("{2150E333-8FDC-42A3-9474-1A3956D46DE8}") = "2- Achieve", "2- Achieve", "{6EFB176B-55AB-483F-8008-1A342074E208}"
EndProject
Project("{2150E333-8FDC-42A3-9474-1A3956D46DE8}") = "3- Basis", "3- Basis", "{3F17820F-8BB5-4887-80EA-320E5228FEE9}"
EndProject
Project("{9A19103F-16F7-4668-BE54-9A1E7A4F7556}") = "ApiGateway", "src\ApiGateway\ApiGateway.csproj", "{1765D4FA-034D-421C-B07B-EE16A92A32EE}"
EndProject
Project("{9A19103F-16F7-4668-BE54-9A1E7A4F7556}") = "IdentityServer", "src\IdentityServer\IdentityServer.csproj", "{52263336-FAC7-4123-ACED-5A698AEC7AF1}"
EndProject
Project("{9A19103F-16F7-4668-BE54-9A1E7A4F7556}") = "IntegrationEvents", "src\IntegrationEvents\IntegrationEvents.csproj", "{1540320E-5627-40DD-B3E9-D87B8673651A}"
EndProject
Project("{9A19103F-16F7-4668-BE54-9A1E7A4F7556}") = "UrlShortener.Api", "src\UrlShortener.Api\UrlShortener.Api.csproj", "{CE6360D3-5AC2-4FE9-B1FC-7129ACA32901}"
EndProject
Project("{9A19103F-16F7-4668-BE54-9A1E7A4F7556}") = "UrlShortener.Domain", "src\UrlShortener.Domain\UrlShortener.Domain.csproj", "{F76F845F-6730-4CA2-9310-B489B5D00D74}"
EndProject
Project("{9A19103F-16F7-4668-BE54-9A1E7A4F7556}") = "UrlShortener.Infrastructure", "src\UrlShortener.Infrastructure\UrlShortener.Infrastructure.csproj", "{15DCF003-C15B-4C37-A510-39AB6060DC65}"
EndProject
Project("{9A19103F-16F7-4668-BE54-9A1E7A4F7556}") = "UrlShortener.Application", "src\UrlShortener.Application\UrlShortener.Application.csproj", "{EBD02C42-C7AC-4D0F-A513-C41E54333CCC}"
EndProject
Project("{9A19103F-16F7-4668-BE54-9A1E7A4F7556}") = "SharedKernel", "src\SharedKernel\SharedKernel.csproj", "{4FAEE59D-767A-45E5-89AD-9B0F69C0DB61}"
EndProject
Project("{9A19103F-16F7-4668-BE54-9A1E7A4F7556}") = "UrlShortener.Persistence", "src\UrlShortener.Persistence\UrlShortener.Persistence.csproj", "{3796F532-B53E-44C1-BB93-2D23543FE04B}"
EndProject
Project("{2150E333-8FDC-42A3-9474-1A3956D46DE8}") = "99- Tests", "99- Tests", "{E4F28509-A2AD-451B-9FDE-AE351BBD080A}"
EndProject
Project("{9A19103F-16F7-4668-BE54-9A1E7A4F7556}") = "Alphabet.AppHost", "src\Alphabet.AppHost\Alphabet.AppHost.csproj", "{42589459-16F9-43FA-8B35-D5B4E97C9605}"
EndProject
Project("{9A19103F-16F7-4668-BE54-9A1E7A4F7556}") = "ServiceDefaults", "src\Alphabet.ServiceDefaults\ServiceDefaults.csproj", "{131B0FB3-1964-4A0A-8D44-E48C6444E95B}"
EndProject
Project("{9A19103F-16F7-4668-BE54-9A1E7A4F7556}") = "ArchitectureTests", "tests\ArchitectureTests\ArchitectureTests.csproj", "{B8062534-483B-4110-B304-7891874384E4}"
EndProject
Project("{9A19103F-16F7-4668-BE54-9A1E7A4F7556}") = "UrlShortener.Application.UnitTests", "tests\UrlShortener.Application.UnitTests\UrlShortener.Application.UnitTests.csproj", "{0119D69A-DEA5-4A0D-95F2-F8B8707C7620}"
EndProject
Project("{9A19103F-16F7-4668-BE54-9A1E7A4F7556}") = "UrlShortener.IntegrationTests", "tests\UrlShortener.IntegrationTests\UrlShortener.IntegrationTests.csproj", "{AB19610E-1C29-4178-8287-3595C96EA4DC}"
EndProject
Project("{2150E333-8FDC-42A3-9474-1A3956D46DE8}") = "1- Common", "1- Common", "{C7778C5A-000D-43FD-98B3-6D70954A3E38}"
EndProject
Project("{2150E333-8FDC-42A3-9474-1A3956D46DE8}") = "k6", "k6", "{59913055-A65E-430A-8CFE-8B946DC7F99D}"
	ProjectSection(SolutionItems) = preProject
		tests\k6\api-test-v1-create.js = tests\k6\api-test-v1-create.js
	EndProjectSection
EndProject
Global
	GlobalSection(SolutionConfigurationPlatforms) = preSolution
		Debug|Any CPU = Debug|Any CPU
		Release|Any CPU = Release|Any CPU
	EndGlobalSection
	GlobalSection(ProjectConfigurationPlatforms) = postSolution
		{1765D4FA-034D-421C-B07B-EE16A92A32EE}.Debug|Any CPU.ActiveCfg = Debug|Any CPU
		{1765D4FA-034D-421C-B07B-EE16A92A32EE}.Debug|Any CPU.Build.0 = Debug|Any CPU
		{1765D4FA-034D-421C-B07B-EE16A92A32EE}.Release|Any CPU.ActiveCfg = Release|Any CPU
		{1765D4FA-034D-421C-B07B-EE16A92A32EE}.Release|Any CPU.Build.0 = Release|Any CPU
		{52263336-FAC7-4123-ACED-5A698AEC7AF1}.Debug|Any CPU.ActiveCfg = Debug|Any CPU
		{52263336-FAC7-4123-ACED-5A698AEC7AF1}.Debug|Any CPU.Build.0 = Debug|Any CPU
		{52263336-FAC7-4123-ACED-5A698AEC7AF1}.Release|Any CPU.ActiveCfg = Release|Any CPU
		{52263336-FAC7-4123-ACED-5A698AEC7AF1}.Release|Any CPU.Build.0 = Release|Any CPU
		{1540320E-5627-40DD-B3E9-D87B8673651A}.Debug|Any CPU.ActiveCfg = Debug|Any CPU
		{1540320E-5627-40DD-B3E9-D87B8673651A}.Debug|Any CPU.Build.0 = Debug|Any CPU
		{1540320E-5627-40DD-B3E9-D87B8673651A}.Release|Any CPU.ActiveCfg = Release|Any CPU
		{1540320E-5627-40DD-B3E9-D87B8673651A}.Release|Any CPU.Build.0 = Release|Any CPU
		{CE6360D3-5AC2-4FE9-B1FC-7129ACA32901}.Debug|Any CPU.ActiveCfg = Debug|Any CPU
		{CE6360D3-5AC2-4FE9-B1FC-7129ACA32901}.Debug|Any CPU.Build.0 = Debug|Any CPU
		{CE6360D3-5AC2-4FE9-B1FC-7129ACA32901}.Release|Any CPU.ActiveCfg = Release|Any CPU
		{CE6360D3-5AC2-4FE9-B1FC-7129ACA32901}.Release|Any CPU.Build.0 = Release|Any CPU
		{F76F845F-6730-4CA2-9310-B489B5D00D74}.Debug|Any CPU.ActiveCfg = Debug|Any CPU
		{F76F845F-6730-4CA2-9310-B489B5D00D74}.Debug|Any CPU.Build.0 = Debug|Any CPU
		{F76F845F-6730-4CA2-9310-B489B5D00D74}.Release|Any CPU.ActiveCfg = Release|Any CPU
		{F76F845F-6730-4CA2-9310-B489B5D00D74}.Release|Any CPU.Build.0 = Release|Any CPU
		{15DCF003-C15B-4C37-A510-39AB6060DC65}.Debug|Any CPU.ActiveCfg = Debug|Any CPU
		{15DCF003-C15B-4C37-A510-39AB6060DC65}.Debug|Any CPU.Build.0 = Debug|Any CPU
		{15DCF003-C15B-4C37-A510-39AB6060DC65}.Release|Any CPU.ActiveCfg = Release|Any CPU
		{15DCF003-C15B-4C37-A510-39AB6060DC65}.Release|Any CPU.Build.0 = Release|Any CPU
		{EBD02C42-C7AC-4D0F-A513-C41E54333CCC}.Debug|Any CPU.ActiveCfg = Debug|Any CPU
		{EBD02C42-C7AC-4D0F-A513-C41E54333CCC}.Debug|Any CPU.Build.0 = Debug|Any CPU
		{EBD02C42-C7AC-4D0F-A513-C41E54333CCC}.Release|Any CPU.ActiveCfg = Release|Any CPU
		{EBD02C42-C7AC-4D0F-A513-C41E54333CCC}.Release|Any CPU.Build.0 = Release|Any CPU
		{4FAEE59D-767A-45E5-89AD-9B0F69C0DB61}.Debug|Any CPU.ActiveCfg = Debug|Any CPU
		{4FAEE59D-767A-45E5-89AD-9B0F69C0DB61}.Debug|Any CPU.Build.0 = Debug|Any CPU
		{4FAEE59D-767A-45E5-89AD-9B0F69C0DB61}.Release|Any CPU.ActiveCfg = Release|Any CPU
		{4FAEE59D-767A-45E5-89AD-9B0F69C0DB61}.Release|Any CPU.Build.0 = Release|Any CPU
		{3796F532-B53E-44C1-BB93-2D23543FE04B}.Debug|Any CPU.ActiveCfg = Debug|Any CPU
		{3796F532-B53E-44C1-BB93-2D23543FE04B}.Debug|Any CPU.Build.0 = Debug|Any CPU
		{3796F532-B53E-44C1-BB93-2D23543FE04B}.Release|Any CPU.ActiveCfg = Release|Any CPU
		{3796F532-B53E-44C1-BB93-2D23543FE04B}.Release|Any CPU.Build.0 = Release|Any CPU
		{42589459-16F9-43FA-8B35-D5B4E97C9605}.Debug|Any CPU.ActiveCfg = Debug|Any CPU
		{42589459-16F9-43FA-8B35-D5B4E97C9605}.Debug|Any CPU.Build.0 = Debug|Any CPU
		{42589459-16F9-43FA-8B35-D5B4E97C9605}.Release|Any CPU.ActiveCfg = Release|Any CPU
		{42589459-16F9-43FA-8B35-D5B4E97C9605}.Release|Any CPU.Build.0 = Release|Any CPU
		{131B0FB3-1964-4A0A-8D44-E48C6444E95B}.Debug|Any CPU.ActiveCfg = Debug|Any CPU
		{131B0FB3-1964-4A0A-8D44-E48C6444E95B}.Debug|Any CPU.Build.0 = Debug|Any CPU
		{131B0FB3-1964-4A0A-8D44-E48C6444E95B}.Release|Any CPU.ActiveCfg = Release|Any CPU
		{131B0FB3-1964-4A0A-8D44-E48C6444E95B}.Release|Any CPU.Build.0 = Release|Any CPU
		{B8062534-483B-4110-B304-7891874384E4}.Debug|Any CPU.ActiveCfg = Debug|Any CPU
		{B8062534-483B-4110-B304-7891874384E4}.Debug|Any CPU.Build.0 = Debug|Any CPU
		{B8062534-483B-4110-B304-7891874384E4}.Release|Any CPU.ActiveCfg = Release|Any CPU
		{B8062534-483B-4110-B304-7891874384E4}.Release|Any CPU.Build.0 = Release|Any CPU
		{0119D69A-DEA5-4A0D-95F2-F8B8707C7620}.Debug|Any CPU.ActiveCfg = Debug|Any CPU
		{0119D69A-DEA5-4A0D-95F2-F8B8707C7620}.Debug|Any CPU.Build.0 = Debug|Any CPU
		{0119D69A-DEA5-4A0D-95F2-F8B8707C7620}.Release|Any CPU.ActiveCfg = Release|Any CPU
		{0119D69A-DEA5-4A0D-95F2-F8B8707C7620}.Release|Any CPU.Build.0 = Release|Any CPU
		{AB19610E-1C29-4178-8287-3595C96EA4DC}.Debug|Any CPU.ActiveCfg = Debug|Any CPU
		{AB19610E-1C29-4178-8287-3595C96EA4DC}.Debug|Any CPU.Build.0 = Debug|Any CPU
		{AB19610E-1C29-4178-8287-3595C96EA4DC}.Release|Any CPU.ActiveCfg = Release|Any CPU
		{AB19610E-1C29-4178-8287-3595C96EA4DC}.Release|Any CPU.Build.0 = Release|Any CPU
	EndGlobalSection
	GlobalSection(SolutionProperties) = preSolution
		HideSolutionNode = FALSE
	EndGlobalSection
	GlobalSection(NestedProjects) = preSolution
		{1765D4FA-034D-421C-B07B-EE16A92A32EE} = {C7778C5A-000D-43FD-98B3-6D70954A3E38}
		{52263336-FAC7-4123-ACED-5A698AEC7AF1} = {C7778C5A-000D-43FD-98B3-6D70954A3E38}
		{1540320E-5627-40DD-B3E9-D87B8673651A} = {6EFB176B-55AB-483F-8008-1A342074E208}
		{CE6360D3-5AC2-4FE9-B1FC-7129ACA32901} = {7EBD9A16-6471-4DDD-8CC0-E594EE42345B}
		{F76F845F-6730-4CA2-9310-B489B5D00D74} = {7EBD9A16-6471-4DDD-8CC0-E594EE42345B}
		{15DCF003-C15B-4C37-A510-39AB6060DC65} = {7EBD9A16-6471-4DDD-8CC0-E594EE42345B}
		{EBD02C42-C7AC-4D0F-A513-C41E54333CCC} = {7EBD9A16-6471-4DDD-8CC0-E594EE42345B}
		{4FAEE59D-767A-45E5-89AD-9B0F69C0DB61} = {3F17820F-8BB5-4887-80EA-320E5228FEE9}
		{3796F532-B53E-44C1-BB93-2D23543FE04B} = {7EBD9A16-6471-4DDD-8CC0-E594EE42345B}
		{42589459-16F9-43FA-8B35-D5B4E97C9605} = {C7778C5A-000D-43FD-98B3-6D70954A3E38}
		{131B0FB3-1964-4A0A-8D44-E48C6444E95B} = {6EFB176B-55AB-483F-8008-1A342074E208}
		{B8062534-483B-4110-B304-7891874384E4} = {E4F28509-A2AD-451B-9FDE-AE351BBD080A}
		{0119D69A-DEA5-4A0D-95F2-F8B8707C7620} = {E4F28509-A2AD-451B-9FDE-AE351BBD080A}
		{AB19610E-1C29-4178-8287-3595C96EA4DC} = {E4F28509-A2AD-451B-9FDE-AE351BBD080A}
		{59913055-A65E-430A-8CFE-8B946DC7F99D} = {E4F28509-A2AD-451B-9FDE-AE351BBD080A}
	EndGlobalSection
	GlobalSection(ExtensibilityGlobals) = postSolution
		SolutionGuid = {99279902-5800-4AC0-A9B9-312B5A743896}
	EndGlobalSection
EndGlobal
